
Microsoft Visual Studio Solution File, Format Version 12.00
# Visual Studio Version 16
VisualStudioVersion = 16.0.31112.23
MinimumVisualStudioVersion = 10.0.40219.1
Project("{FAE04EC0-301F-11D3-BF4B-00C04F79EFBC}") = "MailNotificationService", "MailNotificationService.csproj", "{472FDC0A-A3AD-499F-8157-E204E9D0D01F}"
EndProject
Global
	GlobalSection(SolutionConfigurationPlatforms) = preSolution
		Debug|Any CPU = Debug|Any CPU
		Release|Any CPU = Release|Any CPU
	EndGlobalSection
	GlobalSection(ProjectConfigurationPlatforms) = postSolution
		{472FDC0A-A3AD-499F-8157-E204E9D0D01F}.Debug|Any CPU.ActiveCfg = Debug|Any CPU
		{472FDC0A-A3AD-499F-8157-E204E9D0D01F}.Debug|Any CPU.Build.0 = Debug|Any CPU
		{472FDC0A-A3AD-499F-8157-E204E9D0D01F}.Release|Any CPU.ActiveCfg = Release|Any CPU
		{472FDC0A-A3AD-499F-8157-E204E9D0D01F}.Release|Any CPU.Build.0 = Release|Any CPU
	EndGlobalSection
	GlobalSection(SolutionProperties) = preSolution
		HideSolutionNode = FALSE
	EndGlobalSection
	GlobalSection(ExtensibilityGlobals) = postSolution
		SolutionGuid = {FB4F5B34-C310-46DD-A132-13DB33636F4A}
	EndGlobalSection
EndGlobal
